// !$*UTF8*$!
{
	archiveVersion = 1;
	classes = {
	};
	objectVersion = 50;
	objects = {

/* Begin PBXBuildFile section */
		45216418260C95B1000CB2A2 /* TabBarWith3ElementsWithScreensState.swift in Sources */ = {isa = PBXBuildFile; fileRef = 45216417260C95B1000CB2A2 /* TabBarWith3ElementsWithScreensState.swift */; };
		45216426260CC011000CB2A2 /* Colors.swift in Sources */ = {isa = PBXBuildFile; fileRef = 45216425260CC011000CB2A2 /* Colors.swift */; };
		45216427260CC011000CB2A2 /* Colors.swift in Sources */ = {isa = PBXBuildFile; fileRef = 45216425260CC011000CB2A2 /* Colors.swift */; };
		4521642D260CC025000CB2A2 /* TabItemColors.swift in Sources */ = {isa = PBXBuildFile; fileRef = 4521642C260CC025000CB2A2 /* TabItemColors.swift */; };
		4521642E260CC025000CB2A2 /* TabItemColors.swift in Sources */ = {isa = PBXBuildFile; fileRef = 4521642C260CC025000CB2A2 /* TabItemColors.swift */; };
		4525ECB7260B3673008B9BEC /* TabBarWith5ElementsWithNavigation.swift in Sources */ = {isa = PBXBuildFile; fileRef = 4525ECB6260B3673008B9BEC /* TabBarWith5ElementsWithNavigation.swift */; };
		4525ECC5260B36AC008B9BEC /* TabBarWith5Elements.swift in Sources */ = {isa = PBXBuildFile; fileRef = 4525ECC4260B36AC008B9BEC /* TabBarWith5Elements.swift */; };
		453DE3B6260E5FE800993B5D /* TabBarWith5ElementsTests.swift in Sources */ = {isa = PBXBuildFile; fileRef = 453DE3B5260E5FE800993B5D /* TabBarWith5ElementsTests.swift */; };
		453DE3BE260E618C00993B5D /* String+AccessibilityIdentifier.swift in Sources */ = {isa = PBXBuildFile; fileRef = 453DE3BD260E618C00993B5D /* String+AccessibilityIdentifier.swift */; };
		453DE3BF260E618C00993B5D /* String+AccessibilityIdentifier.swift in Sources */ = {isa = PBXBuildFile; fileRef = 453DE3BD260E618C00993B5D /* String+AccessibilityIdentifier.swift */; };
		45511193260D09E7001DEEE8 /* ScreenForm.swift in Sources */ = {isa = PBXBuildFile; fileRef = 45511192260D09E7001DEEE8 /* ScreenForm.swift */; };
		455111A1260D0AE6001DEEE8 /* TabBarWith3Elements.swift in Sources */ = {isa = PBXBuildFile; fileRef = 455111A0260D0AE6001DEEE8 /* TabBarWith3Elements.swift */; };
		4556AE0026092EAC00390C90 /* TabScreen.swift in Sources */ = {isa = PBXBuildFile; fileRef = 4556ADFF26092EAC00390C90 /* TabScreen.swift */; };
		4556AE0A2609D54B00390C90 /* TabModal.swift in Sources */ = {isa = PBXBuildFile; fileRef = 4556AE092609D54B00390C90 /* TabModal.swift */; };
		4556AE0B2609D54B00390C90 /* TabModal.swift in Sources */ = {isa = PBXBuildFile; fileRef = 4556AE092609D54B00390C90 /* TabModal.swift */; };
		456A0031260E40F7008B75B5 /* TabBarWith3ElementsTests.swift in Sources */ = {isa = PBXBuildFile; fileRef = 45CA713026078FEC008C5CDF /* TabBarWith3ElementsTests.swift */; };
		4592D45D260E349000D8379B /* TabBarWith3ElementsProgrammaticTabChange.swift in Sources */ = {isa = PBXBuildFile; fileRef = 4592D45C260E349000D8379B /* TabBarWith3ElementsProgrammaticTabChange.swift */; };
		4592D4C3260E3A9A00D8379B /* BasicFeaturesTestPlan.xctestplan in Resources */ = {isa = PBXBuildFile; fileRef = 4592D4C2260E3A9A00D8379B /* BasicFeaturesTestPlan.xctestplan */; };
		45A8984A260A8F52001D7A3B /* TabItemContent.swift in Sources */ = {isa = PBXBuildFile; fileRef = 45A89849260A8F52001D7A3B /* TabItemContent.swift */; };
		45AB4870260884AF0025BF01 /* TabBarUIAction.h in Headers */ = {isa = PBXBuildFile; fileRef = 45CA708C26078D4E008C5CDF /* TabBarUIAction.h */; settings = {ATTRIBUTES = (Public, ); }; };
		45AB4879260884B70025BF01 /* TabPosition.swift in Sources */ = {isa = PBXBuildFile; fileRef = 45CA709026078D4E008C5CDF /* TabPosition.swift */; };
		45AB487A260884B70025BF01 /* TabBarItem.swift in Sources */ = {isa = PBXBuildFile; fileRef = 45CA708A26078D4E008C5CDF /* TabBarItem.swift */; };
		45AB487B260884B70025BF01 /* TabBarUIAction.swift in Sources */ = {isa = PBXBuildFile; fileRef = 45CA71B2260797B0008C5CDF /* TabBarUIAction.swift */; };
		45AB487C260884B70025BF01 /* TabBar.swift in Sources */ = {isa = PBXBuildFile; fileRef = 45CA708726078D4E008C5CDF /* TabBar.swift */; };
		45AB487D260884B70025BF01 /* TabBarModalItem.swift in Sources */ = {isa = PBXBuildFile; fileRef = 45CA708F26078D4E008C5CDF /* TabBarModalItem.swift */; };
		45CA709326078D4E008C5CDF /* TabBar.swift in Sources */ = {isa = PBXBuildFile; fileRef = 45CA708726078D4E008C5CDF /* TabBar.swift */; };
		45CA709626078D4E008C5CDF /* TabBarItem.swift in Sources */ = {isa = PBXBuildFile; fileRef = 45CA708A26078D4E008C5CDF /* TabBarItem.swift */; };
		45CA709826078D4E008C5CDF /* TabBarUIAction.h in Headers */ = {isa = PBXBuildFile; fileRef = 45CA708C26078D4E008C5CDF /* TabBarUIAction.h */; settings = {ATTRIBUTES = (Public, ); }; };
		45CA709B26078D4E008C5CDF /* TabBarModalItem.swift in Sources */ = {isa = PBXBuildFile; fileRef = 45CA708F26078D4E008C5CDF /* TabBarModalItem.swift */; };
		45CA709C26078D4E008C5CDF /* TabPosition.swift in Sources */ = {isa = PBXBuildFile; fileRef = 45CA709026078D4E008C5CDF /* TabPosition.swift */; };
		45CA70DC26078E6C008C5CDF /* TabBarUIActionDemoApp.swift in Sources */ = {isa = PBXBuildFile; fileRef = 45CA70D526078E6C008C5CDF /* TabBarUIActionDemoApp.swift */; };
		45CA70FD26078F06008C5CDF /* Assets.xcassets in Resources */ = {isa = PBXBuildFile; fileRef = 45CA70FC26078F06008C5CDF /* Assets.xcassets */; };
		45CA715F260790DD008C5CDF /* TabBarUIAction.framework in Frameworks */ = {isa = PBXBuildFile; fileRef = 45CA707926078D2D008C5CDF /* TabBarUIAction.framework */; };
		45CA7160260790DD008C5CDF /* TabBarUIAction.framework in Embed Frameworks */ = {isa = PBXBuildFile; fileRef = 45CA707926078D2D008C5CDF /* TabBarUIAction.framework */; settings = {ATTRIBUTES = (CodeSignOnCopy, RemoveHeadersOnCopy, ); }; };
		45CA7176260791B4008C5CDF /* MainView.swift in Sources */ = {isa = PBXBuildFile; fileRef = 45CA7174260791B4008C5CDF /* MainView.swift */; };
		45CA718826079247008C5CDF /* ScreenModal.swift in Sources */ = {isa = PBXBuildFile; fileRef = 45CA718626079247008C5CDF /* ScreenModal.swift */; };
		45CA71922607926C008C5CDF /* Screen.swift in Sources */ = {isa = PBXBuildFile; fileRef = 45CA71902607926C008C5CDF /* Screen.swift */; };
		45CA71942607926C008C5CDF /* ScreenWithDetail.swift in Sources */ = {isa = PBXBuildFile; fileRef = 45CA71912607926C008C5CDF /* ScreenWithDetail.swift */; };
		45CA71C12607982B008C5CDF /* TabBarUIAction.swift in Sources */ = {isa = PBXBuildFile; fileRef = 45CA71B2260797B0008C5CDF /* TabBarUIAction.swift */; };
		45D9092D260E62D400DE1A07 /* String+AccessibilityIdentifier.swift in Sources */ = {isa = PBXBuildFile; fileRef = 45D9092C260E62D400DE1A07 /* String+AccessibilityIdentifier.swift */; };
		45DAC129260F202F00954961 /* TabBarWith3ElementsWithScreensStateTests.swift in Sources */ = {isa = PBXBuildFile; fileRef = 45DAC128260F202F00954961 /* TabBarWith3ElementsWithScreensStateTests.swift */; };
		45FF4A6E260B4955004D7BB8 /* TabItemsList.swift in Sources */ = {isa = PBXBuildFile; fileRef = 45FF4A69260B4919004D7BB8 /* TabItemsList.swift */; };
		45FF4A73260B4956004D7BB8 /* TabItemsList.swift in Sources */ = {isa = PBXBuildFile; fileRef = 45FF4A69260B4919004D7BB8 /* TabItemsList.swift */; };
		45FF4A79260B6FEE004D7BB8 /* TabItemProperties.swift in Sources */ = {isa = PBXBuildFile; fileRef = 45FF4A78260B6FEE004D7BB8 /* TabItemProperties.swift */; };
		45FF4A7A260B6FEE004D7BB8 /* TabItemProperties.swift in Sources */ = {isa = PBXBuildFile; fileRef = 45FF4A78260B6FEE004D7BB8 /* TabItemProperties.swift */; };
/* End PBXBuildFile section */

/* Begin PBXContainerItemProxy section */
		456A0026260E40DE008B75B5 /* PBXContainerItemProxy */ = {
			isa = PBXContainerItemProxy;
			containerPortal = 45CA707026078D2D008C5CDF /* Project object */;
			proxyType = 1;
			remoteGlobalIDString = 45CA70B526078E2D008C5CDF;
			remoteInfo = TabBarUIActionDemo;
		};
		45CA7161260790DD008C5CDF /* PBXContainerItemProxy */ = {
			isa = PBXContainerItemProxy;
			containerPortal = 45CA707026078D2D008C5CDF /* Project object */;
			proxyType = 1;
			remoteGlobalIDString = 45CA707826078D2D008C5CDF;
			remoteInfo = TabBarUIAction;
		};
/* End PBXContainerItemProxy section */

/* Begin PBXCopyFilesBuildPhase section */
		45CA7163260790DE008C5CDF /* Embed Frameworks */ = {
			isa = PBXCopyFilesBuildPhase;
			buildActionMask = 2147483647;
			dstPath = "";
			dstSubfolderSpec = 10;
			files = (
				45CA7160260790DD008C5CDF /* TabBarUIAction.framework in Embed Frameworks */,
			);
			name = "Embed Frameworks";
			runOnlyForDeploymentPostprocessing = 0;
		};
/* End PBXCopyFilesBuildPhase section */

/* Begin PBXFileReference section */
		45216417260C95B1000CB2A2 /* TabBarWith3ElementsWithScreensState.swift */ = {isa = PBXFileReference; fileEncoding = 4; lastKnownFileType = sourcecode.swift; path = TabBarWith3ElementsWithScreensState.swift; sourceTree = "<group>"; };
		45216425260CC011000CB2A2 /* Colors.swift */ = {isa = PBXFileReference; lastKnownFileType = sourcecode.swift; path = Colors.swift; sourceTree = "<group>"; };
		4521642C260CC025000CB2A2 /* TabItemColors.swift */ = {isa = PBXFileReference; lastKnownFileType = sourcecode.swift; path = TabItemColors.swift; sourceTree = "<group>"; };
		4525ECB6260B3673008B9BEC /* TabBarWith5ElementsWithNavigation.swift */ = {isa = PBXFileReference; lastKnownFileType = sourcecode.swift; path = TabBarWith5ElementsWithNavigation.swift; sourceTree = "<group>"; };
		4525ECC4260B36AC008B9BEC /* TabBarWith5Elements.swift */ = {isa = PBXFileReference; lastKnownFileType = sourcecode.swift; path = TabBarWith5Elements.swift; sourceTree = "<group>"; };
		453DE3B5260E5FE800993B5D /* TabBarWith5ElementsTests.swift */ = {isa = PBXFileReference; fileEncoding = 4; lastKnownFileType = sourcecode.swift; path = TabBarWith5ElementsTests.swift; sourceTree = "<group>"; };
		453DE3BD260E618C00993B5D /* String+AccessibilityIdentifier.swift */ = {isa = PBXFileReference; lastKnownFileType = sourcecode.swift; path = "String+AccessibilityIdentifier.swift"; sourceTree = "<group>"; };
		45511192260D09E7001DEEE8 /* ScreenForm.swift */ = {isa = PBXFileReference; lastKnownFileType = sourcecode.swift; path = ScreenForm.swift; sourceTree = "<group>"; };
		455111A0260D0AE6001DEEE8 /* TabBarWith3Elements.swift */ = {isa = PBXFileReference; lastKnownFileType = sourcecode.swift; path = TabBarWith3Elements.swift; sourceTree = "<group>"; };
		4556ADFF26092EAC00390C90 /* TabScreen.swift */ = {isa = PBXFileReference; lastKnownFileType = sourcecode.swift; path = TabScreen.swift; sourceTree = "<group>"; };
		4556AE092609D54B00390C90 /* TabModal.swift */ = {isa = PBXFileReference; lastKnownFileType = sourcecode.swift; path = TabModal.swift; sourceTree = "<group>"; };
		456A0021260E40DE008B75B5 /* TabBarUIAction UITests.xctest */ = {isa = PBXFileReference; explicitFileType = wrapper.cfbundle; includeInIndex = 0; path = "TabBarUIAction UITests.xctest"; sourceTree = BUILT_PRODUCTS_DIR; };
		4592D45C260E349000D8379B /* TabBarWith3ElementsProgrammaticTabChange.swift */ = {isa = PBXFileReference; lastKnownFileType = sourcecode.swift; path = TabBarWith3ElementsProgrammaticTabChange.swift; sourceTree = "<group>"; };
		4592D4C2260E3A9A00D8379B /* BasicFeaturesTestPlan.xctestplan */ = {isa = PBXFileReference; fileEncoding = 4; lastKnownFileType = text; path = BasicFeaturesTestPlan.xctestplan; sourceTree = "<group>"; };
		45A89849260A8F52001D7A3B /* TabItemContent.swift */ = {isa = PBXFileReference; lastKnownFileType = sourcecode.swift; path = TabItemContent.swift; sourceTree = "<group>"; };
		45AB485C2608849D0025BF01 /* TabBarUIAction.framework */ = {isa = PBXFileReference; explicitFileType = wrapper.framework; includeInIndex = 0; path = TabBarUIAction.framework; sourceTree = BUILT_PRODUCTS_DIR; };
		45AB48B3260889B10025BF01 /* TabBarUIActionDemo.entitlements */ = {isa = PBXFileReference; lastKnownFileType = text.plist.entitlements; path = TabBarUIActionDemo.entitlements; sourceTree = "<group>"; };
		45CA707926078D2D008C5CDF /* TabBarUIAction.framework */ = {isa = PBXFileReference; explicitFileType = wrapper.framework; includeInIndex = 0; path = TabBarUIAction.framework; sourceTree = BUILT_PRODUCTS_DIR; };
		45CA708726078D4E008C5CDF /* TabBar.swift */ = {isa = PBXFileReference; fileEncoding = 4; lastKnownFileType = sourcecode.swift; path = TabBar.swift; sourceTree = "<group>"; };
		45CA708A26078D4E008C5CDF /* TabBarItem.swift */ = {isa = PBXFileReference; fileEncoding = 4; lastKnownFileType = sourcecode.swift; path = TabBarItem.swift; sourceTree = "<group>"; };
		45CA708C26078D4E008C5CDF /* TabBarUIAction.h */ = {isa = PBXFileReference; fileEncoding = 4; lastKnownFileType = sourcecode.c.h; path = TabBarUIAction.h; sourceTree = "<group>"; };
		45CA708F26078D4E008C5CDF /* TabBarModalItem.swift */ = {isa = PBXFileReference; fileEncoding = 4; lastKnownFileType = sourcecode.swift; path = TabBarModalItem.swift; sourceTree = "<group>"; };
		45CA709026078D4E008C5CDF /* TabPosition.swift */ = {isa = PBXFileReference; fileEncoding = 4; lastKnownFileType = sourcecode.swift; path = TabPosition.swift; sourceTree = "<group>"; };
		45CA709226078D4E008C5CDF /* Info.plist */ = {isa = PBXFileReference; fileEncoding = 4; lastKnownFileType = text.plist.xml; path = Info.plist; sourceTree = "<group>"; };
		45CA70A326078D98008C5CDF /* LICENSE.md */ = {isa = PBXFileReference; lastKnownFileType = net.daringfireball.markdown; path = LICENSE.md; sourceTree = "<group>"; };
		45CA70A426078D98008C5CDF /* PULL_REQUEST_TEMPLATE.md */ = {isa = PBXFileReference; lastKnownFileType = net.daringfireball.markdown; path = PULL_REQUEST_TEMPLATE.md; sourceTree = "<group>"; };
		45CA70A526078D98008C5CDF /* CONTRIBUTING.md */ = {isa = PBXFileReference; lastKnownFileType = net.daringfireball.markdown; path = CONTRIBUTING.md; sourceTree = "<group>"; };
		45CA70A626078D98008C5CDF /* README.md */ = {isa = PBXFileReference; lastKnownFileType = net.daringfireball.markdown; path = README.md; sourceTree = "<group>"; };
		45CA70A726078D98008C5CDF /* CHANGELOG.md */ = {isa = PBXFileReference; lastKnownFileType = net.daringfireball.markdown; path = CHANGELOG.md; sourceTree = "<group>"; };
		45CA70A826078D98008C5CDF /* CODE_OF_CONDUCT.md */ = {isa = PBXFileReference; lastKnownFileType = net.daringfireball.markdown; path = CODE_OF_CONDUCT.md; sourceTree = "<group>"; };
		45CA70A926078DC7008C5CDF /* .gitignore */ = {isa = PBXFileReference; lastKnownFileType = text; path = .gitignore; sourceTree = "<group>"; };
		45CA70AA26078DC7008C5CDF /* .swiftlint.yml */ = {isa = PBXFileReference; lastKnownFileType = text.yaml; path = .swiftlint.yml; sourceTree = "<group>"; };
		45CA70AC26078DEB008C5CDF /* Package.swift */ = {isa = PBXFileReference; lastKnownFileType = sourcecode.swift; path = Package.swift; sourceTree = "<group>"; };
		45CA70B626078E2D008C5CDF /* TabBarUIActionDemo.app */ = {isa = PBXFileReference; explicitFileType = wrapper.application; includeInIndex = 0; path = TabBarUIActionDemo.app; sourceTree = BUILT_PRODUCTS_DIR; };
		45CA70D226078E6C008C5CDF /* macOS.entitlements */ = {isa = PBXFileReference; fileEncoding = 4; lastKnownFileType = text.plist.entitlements; path = macOS.entitlements; sourceTree = "<group>"; };
		45CA70D326078E6C008C5CDF /* Info.plist */ = {isa = PBXFileReference; fileEncoding = 4; lastKnownFileType = text.plist.xml; path = Info.plist; sourceTree = "<group>"; };
		45CA70D526078E6C008C5CDF /* TabBarUIActionDemoApp.swift */ = {isa = PBXFileReference; fileEncoding = 4; lastKnownFileType = sourcecode.swift; path = TabBarUIActionDemoApp.swift; sourceTree = "<group>"; };
		45CA70D926078E6C008C5CDF /* Info.plist */ = {isa = PBXFileReference; fileEncoding = 4; lastKnownFileType = text.plist.xml; path = Info.plist; sourceTree = "<group>"; };
		45CA70FC26078F06008C5CDF /* Assets.xcassets */ = {isa = PBXFileReference; lastKnownFileType = folder.assetcatalog; path = Assets.xcassets; sourceTree = "<group>"; };
		45CA713026078FEC008C5CDF /* TabBarWith3ElementsTests.swift */ = {isa = PBXFileReference; lastKnownFileType = sourcecode.swift; path = TabBarWith3ElementsTests.swift; sourceTree = "<group>"; };
		45CA713226078FEC008C5CDF /* Info.plist */ = {isa = PBXFileReference; lastKnownFileType = text.plist.xml; path = Info.plist; sourceTree = "<group>"; };
		45CA7174260791B4008C5CDF /* MainView.swift */ = {isa = PBXFileReference; fileEncoding = 4; lastKnownFileType = sourcecode.swift; path = MainView.swift; sourceTree = "<group>"; };
		45CA718626079247008C5CDF /* ScreenModal.swift */ = {isa = PBXFileReference; fileEncoding = 4; lastKnownFileType = sourcecode.swift; path = ScreenModal.swift; sourceTree = "<group>"; };
		45CA71902607926C008C5CDF /* Screen.swift */ = {isa = PBXFileReference; fileEncoding = 4; lastKnownFileType = sourcecode.swift; path = Screen.swift; sourceTree = "<group>"; };
		45CA71912607926C008C5CDF /* ScreenWithDetail.swift */ = {isa = PBXFileReference; fileEncoding = 4; lastKnownFileType = sourcecode.swift; path = ScreenWithDetail.swift; sourceTree = "<group>"; };
		45CA71B2260797B0008C5CDF /* TabBarUIAction.swift */ = {isa = PBXFileReference; lastKnownFileType = sourcecode.swift; path = TabBarUIAction.swift; sourceTree = "<group>"; };
		45D9092C260E62D400DE1A07 /* String+AccessibilityIdentifier.swift */ = {isa = PBXFileReference; lastKnownFileType = sourcecode.swift; path = "String+AccessibilityIdentifier.swift"; sourceTree = "<group>"; };
		45DAC127260F201300954961 /* AdvancedFeaturesTestPlan.xctestplan */ = {isa = PBXFileReference; lastKnownFileType = text; path = AdvancedFeaturesTestPlan.xctestplan; sourceTree = "<group>"; };
		45DAC128260F202F00954961 /* TabBarWith3ElementsWithScreensStateTests.swift */ = {isa = PBXFileReference; lastKnownFileType = sourcecode.swift; path = TabBarWith3ElementsWithScreensStateTests.swift; sourceTree = "<group>"; };
		45FF4A69260B4919004D7BB8 /* TabItemsList.swift */ = {isa = PBXFileReference; lastKnownFileType = sourcecode.swift; path = TabItemsList.swift; sourceTree = "<group>"; };
		45FF4A78260B6FEE004D7BB8 /* TabItemProperties.swift */ = {isa = PBXFileReference; lastKnownFileType = sourcecode.swift; path = TabItemProperties.swift; sourceTree = "<group>"; };
/* End PBXFileReference section */

/* Begin PBXFrameworksBuildPhase section */
		456A001E260E40DE008B75B5 /* Frameworks */ = {
			isa = PBXFrameworksBuildPhase;
			buildActionMask = 2147483647;
			files = (
			);
			runOnlyForDeploymentPostprocessing = 0;
		};
		45AB48592608849C0025BF01 /* Frameworks */ = {
			isa = PBXFrameworksBuildPhase;
			buildActionMask = 2147483647;
			files = (
			);
			runOnlyForDeploymentPostprocessing = 0;
		};
		45CA707626078D2D008C5CDF /* Frameworks */ = {
			isa = PBXFrameworksBuildPhase;
			buildActionMask = 2147483647;
			files = (
			);
			runOnlyForDeploymentPostprocessing = 0;
		};
		45CA70B326078E2D008C5CDF /* Frameworks */ = {
			isa = PBXFrameworksBuildPhase;
			buildActionMask = 2147483647;
			files = (
				45CA715F260790DD008C5CDF /* TabBarUIAction.framework in Frameworks */,
			);
			runOnlyForDeploymentPostprocessing = 0;
		};
/* End PBXFrameworksBuildPhase section */

/* Begin PBXGroup section */
		4592D4C1260E3A9A00D8379B /* TestPlans */ = {
			isa = PBXGroup;
			children = (
				4592D4C2260E3A9A00D8379B /* BasicFeaturesTestPlan.xctestplan */,
				45DAC127260F201300954961 /* AdvancedFeaturesTestPlan.xctestplan */,
			);
			path = TestPlans;
			sourceTree = "<group>";
		};
		45CA706F26078D2D008C5CDF = {
			isa = PBXGroup;
			children = (
				45AB48B3260889B10025BF01 /* TabBarUIActionDemo.entitlements */,
				45CA70A726078D98008C5CDF /* CHANGELOG.md */,
				45CA70A826078D98008C5CDF /* CODE_OF_CONDUCT.md */,
				45CA70A526078D98008C5CDF /* CONTRIBUTING.md */,
				45CA70A326078D98008C5CDF /* LICENSE.md */,
				45CA70A426078D98008C5CDF /* PULL_REQUEST_TEMPLATE.md */,
				45CA70A626078D98008C5CDF /* README.md */,
				45CA70A926078DC7008C5CDF /* .gitignore */,
				45CA70AA26078DC7008C5CDF /* .swiftlint.yml */,
				45CA70AC26078DEB008C5CDF /* Package.swift */,
				4592D4C1260E3A9A00D8379B /* TestPlans */,
				45CA708626078D4E008C5CDF /* Sources */,
				45CA70D026078E6C008C5CDF /* TabBarUIActionDemo */,
				45CA712F26078FEC008C5CDF /* TabBarUIActionUITests */,
				45CA707A26078D2D008C5CDF /* Products */,
				45CA715E260790DD008C5CDF /* Frameworks */,
			);
			sourceTree = "<group>";
		};
		45CA707A26078D2D008C5CDF /* Products */ = {
			isa = PBXGroup;
			children = (
				45CA707926078D2D008C5CDF /* TabBarUIAction.framework */,
				45CA70B626078E2D008C5CDF /* TabBarUIActionDemo.app */,
				45AB485C2608849D0025BF01 /* TabBarUIAction.framework */,
				456A0021260E40DE008B75B5 /* TabBarUIAction UITests.xctest */,
			);
			name = Products;
			sourceTree = "<group>";
		};
		45CA708626078D4E008C5CDF /* Sources */ = {
			isa = PBXGroup;
			children = (
				45CA708C26078D4E008C5CDF /* TabBarUIAction.h */,
				45CA71B2260797B0008C5CDF /* TabBarUIAction.swift */,
				4556ADFF26092EAC00390C90 /* TabScreen.swift */,
				4556AE092609D54B00390C90 /* TabModal.swift */,
				45CA708726078D4E008C5CDF /* TabBar.swift */,
				45CA708A26078D4E008C5CDF /* TabBarItem.swift */,
				45FF4A78260B6FEE004D7BB8 /* TabItemProperties.swift */,
				45CA708F26078D4E008C5CDF /* TabBarModalItem.swift */,
				45CA709026078D4E008C5CDF /* TabPosition.swift */,
				45A89849260A8F52001D7A3B /* TabItemContent.swift */,
				45FF4A69260B4919004D7BB8 /* TabItemsList.swift */,
				4521642C260CC025000CB2A2 /* TabItemColors.swift */,
				45216425260CC011000CB2A2 /* Colors.swift */,
				45CA709226078D4E008C5CDF /* Info.plist */,
				453DE3BD260E618C00993B5D /* String+AccessibilityIdentifier.swift */,
			);
			path = Sources;
			sourceTree = "<group>";
		};
		45CA70D026078E6C008C5CDF /* TabBarUIActionDemo */ = {
			isa = PBXGroup;
			children = (
				45CA70D826078E6C008C5CDF /* iOS */,
				45CA70D126078E6C008C5CDF /* macOS */,
				45CA70D426078E6C008C5CDF /* Shared */,
			);
			path = TabBarUIActionDemo;
			sourceTree = "<group>";
		};
		45CA70D126078E6C008C5CDF /* macOS */ = {
			isa = PBXGroup;
			children = (
				45CA70D226078E6C008C5CDF /* macOS.entitlements */,
				45CA70D326078E6C008C5CDF /* Info.plist */,
			);
			path = macOS;
			sourceTree = "<group>";
		};
		45CA70D426078E6C008C5CDF /* Shared */ = {
			isa = PBXGroup;
			children = (
				45CA70D526078E6C008C5CDF /* TabBarUIActionDemoApp.swift */,
				455111A0260D0AE6001DEEE8 /* TabBarWith3Elements.swift */,
				4525ECC4260B36AC008B9BEC /* TabBarWith5Elements.swift */,
				4525ECB6260B3673008B9BEC /* TabBarWith5ElementsWithNavigation.swift */,
				45216417260C95B1000CB2A2 /* TabBarWith3ElementsWithScreensState.swift */,
				4592D45C260E349000D8379B /* TabBarWith3ElementsProgrammaticTabChange.swift */,
				45CA7174260791B4008C5CDF /* MainView.swift */,
				45CA71912607926C008C5CDF /* ScreenWithDetail.swift */,
				45CA71902607926C008C5CDF /* Screen.swift */,
				45CA718626079247008C5CDF /* ScreenModal.swift */,
				45511192260D09E7001DEEE8 /* ScreenForm.swift */,
				45CA70FC26078F06008C5CDF /* Assets.xcassets */,
				45D9092C260E62D400DE1A07 /* String+AccessibilityIdentifier.swift */,
			);
			path = Shared;
			sourceTree = "<group>";
		};
		45CA70D826078E6C008C5CDF /* iOS */ = {
			isa = PBXGroup;
			children = (
				45CA70D926078E6C008C5CDF /* Info.plist */,
			);
			path = iOS;
			sourceTree = "<group>";
		};
		45CA712F26078FEC008C5CDF /* TabBarUIActionUITests */ = {
			isa = PBXGroup;
			children = (
				45CA713026078FEC008C5CDF /* TabBarWith3ElementsTests.swift */,
				453DE3B5260E5FE800993B5D /* TabBarWith5ElementsTests.swift */,
				45DAC128260F202F00954961 /* TabBarWith3ElementsWithScreensStateTests.swift */,
				45CA713226078FEC008C5CDF /* Info.plist */,
			);
			path = TabBarUIActionUITests;
			sourceTree = "<group>";
		};
		45CA715E260790DD008C5CDF /* Frameworks */ = {
			isa = PBXGroup;
			children = (
			);
			name = Frameworks;
			sourceTree = "<group>";
		};
/* End PBXGroup section */

/* Begin PBXHeadersBuildPhase section */
		45AB48572608849C0025BF01 /* Headers */ = {
			isa = PBXHeadersBuildPhase;
			buildActionMask = 2147483647;
			files = (
				45AB4870260884AF0025BF01 /* TabBarUIAction.h in Headers */,
			);
			runOnlyForDeploymentPostprocessing = 0;
		};
		45CA707426078D2D008C5CDF /* Headers */ = {
			isa = PBXHeadersBuildPhase;
			buildActionMask = 2147483647;
			files = (
				45CA709826078D4E008C5CDF /* TabBarUIAction.h in Headers */,
			);
			runOnlyForDeploymentPostprocessing = 0;
		};
/* End PBXHeadersBuildPhase section */

/* Begin PBXNativeTarget section */
		456A0020260E40DE008B75B5 /* TabBarUIAction UITests */ = {
			isa = PBXNativeTarget;
			buildConfigurationList = 456A0028260E40DE008B75B5 /* Build configuration list for PBXNativeTarget "TabBarUIAction UITests" */;
			buildPhases = (
				456A001D260E40DE008B75B5 /* Sources */,
				456A001E260E40DE008B75B5 /* Frameworks */,
				456A001F260E40DE008B75B5 /* Resources */,
			);
			buildRules = (
			);
			dependencies = (
				456A0027260E40DE008B75B5 /* PBXTargetDependency */,
			);
			name = "TabBarUIAction UITests";
			productName = "TabBarUIAction UITests iOS";
			productReference = 456A0021260E40DE008B75B5 /* TabBarUIAction UITests.xctest */;
			productType = "com.apple.product-type.bundle.ui-testing";
		};
		45AB485B2608849C0025BF01 /* TabBarUIAction macOS */ = {
			isa = PBXNativeTarget;
			buildConfigurationList = 45AB48612608849D0025BF01 /* Build configuration list for PBXNativeTarget "TabBarUIAction macOS" */;
			buildPhases = (
				45AB48572608849C0025BF01 /* Headers */,
				45AB48582608849C0025BF01 /* Sources */,
				45AB48592608849C0025BF01 /* Frameworks */,
				45AB485A2608849C0025BF01 /* Resources */,
			);
			buildRules = (
			);
			dependencies = (
			);
			name = "TabBarUIAction macOS";
			productName = "TabBarUIAction macOS";
			productReference = 45AB485C2608849D0025BF01 /* TabBarUIAction.framework */;
			productType = "com.apple.product-type.framework";
		};
		45CA707826078D2D008C5CDF /* TabBarUIAction iOS */ = {
			isa = PBXNativeTarget;
			buildConfigurationList = 45CA708126078D2D008C5CDF /* Build configuration list for PBXNativeTarget "TabBarUIAction iOS" */;
			buildPhases = (
				45CA707426078D2D008C5CDF /* Headers */,
				45CA707526078D2D008C5CDF /* Sources */,
				45CA707626078D2D008C5CDF /* Frameworks */,
				45CA707726078D2D008C5CDF /* Resources */,
				45CA70AB26078DCD008C5CDF /* ShellScript */,
			);
			buildRules = (
			);
			dependencies = (
			);
			name = "TabBarUIAction iOS";
			productName = TabBarUIAction;
			productReference = 45CA707926078D2D008C5CDF /* TabBarUIAction.framework */;
			productType = "com.apple.product-type.framework";
		};
		45CA70B526078E2D008C5CDF /* TabBarUIAction Demo */ = {
			isa = PBXNativeTarget;
			buildConfigurationList = 45CA70C726078E2D008C5CDF /* Build configuration list for PBXNativeTarget "TabBarUIAction Demo" */;
			buildPhases = (
				45CA70B226078E2D008C5CDF /* Sources */,
				45CA70B326078E2D008C5CDF /* Frameworks */,
				45CA70B426078E2D008C5CDF /* Resources */,
				45CA7163260790DE008C5CDF /* Embed Frameworks */,
			);
			buildRules = (
			);
			dependencies = (
				45CA7162260790DD008C5CDF /* PBXTargetDependency */,
			);
			name = "TabBarUIAction Demo";
			productName = "TabBarUIActionDemo (iOS)";
			productReference = 45CA70B626078E2D008C5CDF /* TabBarUIActionDemo.app */;
			productType = "com.apple.product-type.application";
		};
/* End PBXNativeTarget section */

/* Begin PBXProject section */
		45CA707026078D2D008C5CDF /* Project object */ = {
			isa = PBXProject;
			attributes = {
				LastSwiftUpdateCheck = 1240;
				LastUpgradeCheck = 1240;
				TargetAttributes = {
					456A0020260E40DE008B75B5 = {
						CreatedOnToolsVersion = 12.4;
						TestTargetID = 45CA70B526078E2D008C5CDF;
					};
					45AB485B2608849C0025BF01 = {
						CreatedOnToolsVersion = 12.4;
					};
					45CA707826078D2D008C5CDF = {
						CreatedOnToolsVersion = 12.4;
					};
					45CA70B526078E2D008C5CDF = {
						CreatedOnToolsVersion = 12.4;
					};
				};
			};
			buildConfigurationList = 45CA707326078D2D008C5CDF /* Build configuration list for PBXProject "TabBarUIAction" */;
			compatibilityVersion = "Xcode 9.3";
			developmentRegion = en;
			hasScannedForEncodings = 0;
			knownRegions = (
				en,
				Base,
			);
			mainGroup = 45CA706F26078D2D008C5CDF;
			productRefGroup = 45CA707A26078D2D008C5CDF /* Products */;
			projectDirPath = "";
			projectRoot = "";
			targets = (
				45CA707826078D2D008C5CDF /* TabBarUIAction iOS */,
				45AB485B2608849C0025BF01 /* TabBarUIAction macOS */,
				45CA70B526078E2D008C5CDF /* TabBarUIAction Demo */,
				456A0020260E40DE008B75B5 /* TabBarUIAction UITests */,
			);
		};
/* End PBXProject section */

/* Begin PBXResourcesBuildPhase section */
		456A001F260E40DE008B75B5 /* Resources */ = {
			isa = PBXResourcesBuildPhase;
			buildActionMask = 2147483647;
			files = (
			);
			runOnlyForDeploymentPostprocessing = 0;
		};
		45AB485A2608849C0025BF01 /* Resources */ = {
			isa = PBXResourcesBuildPhase;
			buildActionMask = 2147483647;
			files = (
			);
			runOnlyForDeploymentPostprocessing = 0;
		};
		45CA707726078D2D008C5CDF /* Resources */ = {
			isa = PBXResourcesBuildPhase;
			buildActionMask = 2147483647;
			files = (
			);
			runOnlyForDeploymentPostprocessing = 0;
		};
		45CA70B426078E2D008C5CDF /* Resources */ = {
			isa = PBXResourcesBuildPhase;
			buildActionMask = 2147483647;
			files = (
				4592D4C3260E3A9A00D8379B /* BasicFeaturesTestPlan.xctestplan in Resources */,
				45CA70FD26078F06008C5CDF /* Assets.xcassets in Resources */,
			);
			runOnlyForDeploymentPostprocessing = 0;
		};
/* End PBXResourcesBuildPhase section */

/* Begin PBXShellScriptBuildPhase section */
		45CA70AB26078DCD008C5CDF /* ShellScript */ = {
			isa = PBXShellScriptBuildPhase;
			buildActionMask = 2147483647;
			files = (
			);
			inputFileListPaths = (
			);
			inputPaths = (
			);
			outputFileListPaths = (
			);
			outputPaths = (
			);
			runOnlyForDeploymentPostprocessing = 0;
			shellPath = /bin/sh;
			shellScript = "# Type a script or drag a script file from your workspace to insert its path.\nif which swiftlint >/dev/null; then\n  swiftlint\nelse\n  echo \"warning: SwiftLint not installed, download from https://github.com/realm/SwiftLint\"\nfi\n";
		};
/* End PBXShellScriptBuildPhase section */

/* Begin PBXSourcesBuildPhase section */
		456A001D260E40DE008B75B5 /* Sources */ = {
			isa = PBXSourcesBuildPhase;
			buildActionMask = 2147483647;
			files = (
				453DE3B6260E5FE800993B5D /* TabBarWith5ElementsTests.swift in Sources */,
				456A0031260E40F7008B75B5 /* TabBarWith3ElementsTests.swift in Sources */,
				45DAC129260F202F00954961 /* TabBarWith3ElementsWithScreensStateTests.swift in Sources */,
			);
			runOnlyForDeploymentPostprocessing = 0;
		};
		45AB48582608849C0025BF01 /* Sources */ = {
			isa = PBXSourcesBuildPhase;
			buildActionMask = 2147483647;
			files = (
				4521642E260CC025000CB2A2 /* TabItemColors.swift in Sources */,
				45AB487A260884B70025BF01 /* TabBarItem.swift in Sources */,
				45216427260CC011000CB2A2 /* Colors.swift in Sources */,
				4556AE0B2609D54B00390C90 /* TabModal.swift in Sources */,
				45FF4A6E260B4955004D7BB8 /* TabItemsList.swift in Sources */,
				45AB487B260884B70025BF01 /* TabBarUIAction.swift in Sources */,
				45AB487D260884B70025BF01 /* TabBarModalItem.swift in Sources */,
				45FF4A7A260B6FEE004D7BB8 /* TabItemProperties.swift in Sources */,
				45AB4879260884B70025BF01 /* TabPosition.swift in Sources */,
				45AB487C260884B70025BF01 /* TabBar.swift in Sources */,
				453DE3BF260E618C00993B5D /* String+AccessibilityIdentifier.swift in Sources */,
			);
			runOnlyForDeploymentPostprocessing = 0;
		};
		45CA707526078D2D008C5CDF /* Sources */ = {
			isa = PBXSourcesBuildPhase;
			buildActionMask = 2147483647;
			files = (
				45A8984A260A8F52001D7A3B /* TabItemContent.swift in Sources */,
				45216426260CC011000CB2A2 /* Colors.swift in Sources */,
				45CA71C12607982B008C5CDF /* TabBarUIAction.swift in Sources */,
				45FF4A73260B4956004D7BB8 /* TabItemsList.swift in Sources */,
				4556AE0A2609D54B00390C90 /* TabModal.swift in Sources */,
				45CA709326078D4E008C5CDF /* TabBar.swift in Sources */,
				45CA709626078D4E008C5CDF /* TabBarItem.swift in Sources */,
				45CA709B26078D4E008C5CDF /* TabBarModalItem.swift in Sources */,
				453DE3BE260E618C00993B5D /* String+AccessibilityIdentifier.swift in Sources */,
				45CA709C26078D4E008C5CDF /* TabPosition.swift in Sources */,
				4556AE0026092EAC00390C90 /* TabScreen.swift in Sources */,
				4521642D260CC025000CB2A2 /* TabItemColors.swift in Sources */,
				45FF4A79260B6FEE004D7BB8 /* TabItemProperties.swift in Sources */,
			);
			runOnlyForDeploymentPostprocessing = 0;
		};
		45CA70B226078E2D008C5CDF /* Sources */ = {
			isa = PBXSourcesBuildPhase;
			buildActionMask = 2147483647;
			files = (
				45CA71922607926C008C5CDF /* Screen.swift in Sources */,
				45CA70DC26078E6C008C5CDF /* TabBarUIActionDemoApp.swift in Sources */,
				455111A1260D0AE6001DEEE8 /* TabBarWith3Elements.swift in Sources */,
				4525ECB7260B3673008B9BEC /* TabBarWith5ElementsWithNavigation.swift in Sources */,
				45CA718826079247008C5CDF /* ScreenModal.swift in Sources */,
				45CA7176260791B4008C5CDF /* MainView.swift in Sources */,
				4525ECC5260B36AC008B9BEC /* TabBarWith5Elements.swift in Sources */,
				45216418260C95B1000CB2A2 /* TabBarWith3ElementsWithScreensState.swift in Sources */,
				45511193260D09E7001DEEE8 /* ScreenForm.swift in Sources */,
				4592D45D260E349000D8379B /* TabBarWith3ElementsProgrammaticTabChange.swift in Sources */,
				45D9092D260E62D400DE1A07 /* String+AccessibilityIdentifier.swift in Sources */,
				45CA71942607926C008C5CDF /* ScreenWithDetail.swift in Sources */,
			);
			runOnlyForDeploymentPostprocessing = 0;
		};
/* End PBXSourcesBuildPhase section */

/* Begin PBXTargetDependency section */
		456A0027260E40DE008B75B5 /* PBXTargetDependency */ = {
			isa = PBXTargetDependency;
			target = 45CA70B526078E2D008C5CDF /* TabBarUIAction Demo */;
			targetProxy = 456A0026260E40DE008B75B5 /* PBXContainerItemProxy */;
		};
		45CA7162260790DD008C5CDF /* PBXTargetDependency */ = {
			isa = PBXTargetDependency;
			target = 45CA707826078D2D008C5CDF /* TabBarUIAction iOS */;
			targetProxy = 45CA7161260790DD008C5CDF /* PBXContainerItemProxy */;
		};
/* End PBXTargetDependency section */

/* Begin XCBuildConfiguration section */
		456A0029260E40DE008B75B5 /* Debug */ = {
			isa = XCBuildConfiguration;
			buildSettings = {
				CODE_SIGN_STYLE = Automatic;
				DEVELOPMENT_TEAM = Y682K92RZU;
				INFOPLIST_FILE = TabBarUIActionUITests/Info.plist;
				LD_RUNPATH_SEARCH_PATHS = (
					"$(inherited)",
					"@executable_path/Frameworks",
					"@loader_path/Frameworks",
				);
				PRODUCT_BUNDLE_IDENTIFIER = "it.chicio.TabBarUIAction-UITests-iOS";
				PRODUCT_NAME = "$(TARGET_NAME)";
				PROVISIONING_PROFILE = "";
				SWIFT_VERSION = 5.0;
				TARGETED_DEVICE_FAMILY = "1,2";
				TEST_TARGET_NAME = "TabBarUIAction Demo";
			};
			name = Debug;
		};
		456A002A260E40DE008B75B5 /* Release */ = {
			isa = XCBuildConfiguration;
			buildSettings = {
				CODE_SIGN_STYLE = Automatic;
				DEVELOPMENT_TEAM = Y682K92RZU;
				INFOPLIST_FILE = TabBarUIActionUITests/Info.plist;
				LD_RUNPATH_SEARCH_PATHS = (
					"$(inherited)",
					"@executable_path/Frameworks",
					"@loader_path/Frameworks",
				);
				PRODUCT_BUNDLE_IDENTIFIER = "it.chicio.TabBarUIAction-UITests-iOS";
				PRODUCT_NAME = "$(TARGET_NAME)";
				PROVISIONING_PROFILE = "";
				SWIFT_VERSION = 5.0;
				TARGETED_DEVICE_FAMILY = "1,2";
				TEST_TARGET_NAME = "TabBarUIAction Demo";
			};
			name = Release;
		};
		45AB48622608849D0025BF01 /* Debug */ = {
			isa = XCBuildConfiguration;
			buildSettings = {
				CODE_SIGN_STYLE = Automatic;
				COMBINE_HIDPI_IMAGES = YES;
				DEFINES_MODULE = YES;
				DEVELOPMENT_TEAM = Y682K92RZU;
				DYLIB_COMPATIBILITY_VERSION = 1;
				DYLIB_CURRENT_VERSION = 1;
				DYLIB_INSTALL_NAME_BASE = "@rpath";
				INFOPLIST_FILE = Sources/Info.plist;
				INSTALL_PATH = "$(LOCAL_LIBRARY_DIR)/Frameworks";
				LD_RUNPATH_SEARCH_PATHS = (
					"$(inherited)",
					"@executable_path/../Frameworks",
					"@loader_path/Frameworks",
				);
				MACOSX_DEPLOYMENT_TARGET = 11.0;
				MARKETING_VERSION = 0.5.0;
				PRODUCT_BUNDLE_IDENTIFIER = "it.chicio.TabBarUIAction-macOS";
				PRODUCT_NAME = TabBarUIAction;
				SDKROOT = macosx;
				SKIP_INSTALL = YES;
				SWIFT_VERSION = 5.0;
			};
			name = Debug;
		};
		45AB48632608849D0025BF01 /* Release */ = {
			isa = XCBuildConfiguration;
			buildSettings = {
				CODE_SIGN_STYLE = Automatic;
				COMBINE_HIDPI_IMAGES = YES;
				DEFINES_MODULE = YES;
				DEVELOPMENT_TEAM = Y682K92RZU;
				DYLIB_COMPATIBILITY_VERSION = 1;
				DYLIB_CURRENT_VERSION = 1;
				DYLIB_INSTALL_NAME_BASE = "@rpath";
				INFOPLIST_FILE = Sources/Info.plist;
				INSTALL_PATH = "$(LOCAL_LIBRARY_DIR)/Frameworks";
				LD_RUNPATH_SEARCH_PATHS = (
					"$(inherited)",
					"@executable_path/../Frameworks",
					"@loader_path/Frameworks",
				);
				MACOSX_DEPLOYMENT_TARGET = 11.0;
				MARKETING_VERSION = 0.5.0;
				PRODUCT_BUNDLE_IDENTIFIER = "it.chicio.TabBarUIAction-macOS";
				PRODUCT_NAME = TabBarUIAction;
				SDKROOT = macosx;
				SKIP_INSTALL = YES;
				SWIFT_VERSION = 5.0;
			};
			name = Release;
		};
		45CA707F26078D2D008C5CDF /* Debug */ = {
			isa = XCBuildConfiguration;
			buildSettings = {
				ALWAYS_SEARCH_USER_PATHS = NO;
				CLANG_ANALYZER_NONNULL = YES;
				CLANG_ANALYZER_NUMBER_OBJECT_CONVERSION = YES_AGGRESSIVE;
				CLANG_CXX_LANGUAGE_STANDARD = "gnu++14";
				CLANG_CXX_LIBRARY = "libc++";
				CLANG_ENABLE_MODULES = YES;
				CLANG_ENABLE_OBJC_ARC = YES;
				CLANG_ENABLE_OBJC_WEAK = YES;
				CLANG_WARN_BLOCK_CAPTURE_AUTORELEASING = YES;
				CLANG_WARN_BOOL_CONVERSION = YES;
				CLANG_WARN_COMMA = YES;
				CLANG_WARN_CONSTANT_CONVERSION = YES;
				CLANG_WARN_DEPRECATED_OBJC_IMPLEMENTATIONS = YES;
				CLANG_WARN_DIRECT_OBJC_ISA_USAGE = YES_ERROR;
				CLANG_WARN_DOCUMENTATION_COMMENTS = YES;
				CLANG_WARN_EMPTY_BODY = YES;
				CLANG_WARN_ENUM_CONVERSION = YES;
				CLANG_WARN_INFINITE_RECURSION = YES;
				CLANG_WARN_INT_CONVERSION = YES;
				CLANG_WARN_NON_LITERAL_NULL_CONVERSION = YES;
				CLANG_WARN_OBJC_IMPLICIT_RETAIN_SELF = YES;
				CLANG_WARN_OBJC_LITERAL_CONVERSION = YES;
				CLANG_WARN_OBJC_ROOT_CLASS = YES_ERROR;
				CLANG_WARN_QUOTED_INCLUDE_IN_FRAMEWORK_HEADER = YES;
				CLANG_WARN_RANGE_LOOP_ANALYSIS = YES;
				CLANG_WARN_STRICT_PROTOTYPES = YES;
				CLANG_WARN_SUSPICIOUS_MOVE = YES;
				CLANG_WARN_UNGUARDED_AVAILABILITY = YES_AGGRESSIVE;
				CLANG_WARN_UNREACHABLE_CODE = YES;
				CLANG_WARN__DUPLICATE_METHOD_MATCH = YES;
				COPY_PHASE_STRIP = NO;
				CURRENT_PROJECT_VERSION = 1;
				DEBUG_INFORMATION_FORMAT = dwarf;
				ENABLE_STRICT_OBJC_MSGSEND = YES;
				ENABLE_TESTABILITY = YES;
				GCC_C_LANGUAGE_STANDARD = gnu11;
				GCC_DYNAMIC_NO_PIC = NO;
				GCC_NO_COMMON_BLOCKS = YES;
				GCC_OPTIMIZATION_LEVEL = 0;
				GCC_PREPROCESSOR_DEFINITIONS = (
					"DEBUG=1",
					"$(inherited)",
				);
				GCC_WARN_64_TO_32_BIT_CONVERSION = YES;
				GCC_WARN_ABOUT_RETURN_TYPE = YES_ERROR;
				GCC_WARN_UNDECLARED_SELECTOR = YES;
				GCC_WARN_UNINITIALIZED_AUTOS = YES_AGGRESSIVE;
				GCC_WARN_UNUSED_FUNCTION = YES;
				GCC_WARN_UNUSED_VARIABLE = YES;
				IPHONEOS_DEPLOYMENT_TARGET = 14.4;
				MTL_ENABLE_DEBUG_INFO = INCLUDE_SOURCE;
				MTL_FAST_MATH = YES;
				ONLY_ACTIVE_ARCH = YES;
				SDKROOT = iphoneos;
				SWIFT_ACTIVE_COMPILATION_CONDITIONS = DEBUG;
				SWIFT_OPTIMIZATION_LEVEL = "-Onone";
				VERSIONING_SYSTEM = "apple-generic";
				VERSION_INFO_PREFIX = "";
			};
			name = Debug;
		};
		45CA708026078D2D008C5CDF /* Release */ = {
			isa = XCBuildConfiguration;
			buildSettings = {
				ALWAYS_SEARCH_USER_PATHS = NO;
				CLANG_ANALYZER_NONNULL = YES;
				CLANG_ANALYZER_NUMBER_OBJECT_CONVERSION = YES_AGGRESSIVE;
				CLANG_CXX_LANGUAGE_STANDARD = "gnu++14";
				CLANG_CXX_LIBRARY = "libc++";
				CLANG_ENABLE_MODULES = YES;
				CLANG_ENABLE_OBJC_ARC = YES;
				CLANG_ENABLE_OBJC_WEAK = YES;
				CLANG_WARN_BLOCK_CAPTURE_AUTORELEASING = YES;
				CLANG_WARN_BOOL_CONVERSION = YES;
				CLANG_WARN_COMMA = YES;
				CLANG_WARN_CONSTANT_CONVERSION = YES;
				CLANG_WARN_DEPRECATED_OBJC_IMPLEMENTATIONS = YES;
				CLANG_WARN_DIRECT_OBJC_ISA_USAGE = YES_ERROR;
				CLANG_WARN_DOCUMENTATION_COMMENTS = YES;
				CLANG_WARN_EMPTY_BODY = YES;
				CLANG_WARN_ENUM_CONVERSION = YES;
				CLANG_WARN_INFINITE_RECURSION = YES;
				CLANG_WARN_INT_CONVERSION = YES;
				CLANG_WARN_NON_LITERAL_NULL_CONVERSION = YES;
				CLANG_WARN_OBJC_IMPLICIT_RETAIN_SELF = YES;
				CLANG_WARN_OBJC_LITERAL_CONVERSION = YES;
				CLANG_WARN_OBJC_ROOT_CLASS = YES_ERROR;
				CLANG_WARN_QUOTED_INCLUDE_IN_FRAMEWORK_HEADER = YES;
				CLANG_WARN_RANGE_LOOP_ANALYSIS = YES;
				CLANG_WARN_STRICT_PROTOTYPES = YES;
				CLANG_WARN_SUSPICIOUS_MOVE = YES;
				CLANG_WARN_UNGUARDED_AVAILABILITY = YES_AGGRESSIVE;
				CLANG_WARN_UNREACHABLE_CODE = YES;
				CLANG_WARN__DUPLICATE_METHOD_MATCH = YES;
				COPY_PHASE_STRIP = NO;
				CURRENT_PROJECT_VERSION = 1;
				DEBUG_INFORMATION_FORMAT = "dwarf-with-dsym";
				ENABLE_NS_ASSERTIONS = NO;
				ENABLE_STRICT_OBJC_MSGSEND = YES;
				GCC_C_LANGUAGE_STANDARD = gnu11;
				GCC_NO_COMMON_BLOCKS = YES;
				GCC_WARN_64_TO_32_BIT_CONVERSION = YES;
				GCC_WARN_ABOUT_RETURN_TYPE = YES_ERROR;
				GCC_WARN_UNDECLARED_SELECTOR = YES;
				GCC_WARN_UNINITIALIZED_AUTOS = YES_AGGRESSIVE;
				GCC_WARN_UNUSED_FUNCTION = YES;
				GCC_WARN_UNUSED_VARIABLE = YES;
				IPHONEOS_DEPLOYMENT_TARGET = 14.4;
				MTL_ENABLE_DEBUG_INFO = NO;
				MTL_FAST_MATH = YES;
				SDKROOT = iphoneos;
				SWIFT_COMPILATION_MODE = wholemodule;
				SWIFT_OPTIMIZATION_LEVEL = "-O";
				VALIDATE_PRODUCT = YES;
				VERSIONING_SYSTEM = "apple-generic";
				VERSION_INFO_PREFIX = "";
			};
			name = Release;
		};
		45CA708226078D2D008C5CDF /* Debug */ = {
			isa = XCBuildConfiguration;
			buildSettings = {
				CODE_SIGN_STYLE = Automatic;
				DEFINES_MODULE = YES;
				DEVELOPMENT_TEAM = Y682K92RZU;
				DYLIB_COMPATIBILITY_VERSION = 1;
				DYLIB_CURRENT_VERSION = 1;
				DYLIB_INSTALL_NAME_BASE = "@rpath";
				INFOPLIST_FILE = Sources/Info.plist;
				INSTALL_PATH = "$(LOCAL_LIBRARY_DIR)/Frameworks";
				IPHONEOS_DEPLOYMENT_TARGET = 14.0;
				"IPHONEOS_DEPLOYMENT_TARGET[sdk=macosx*]" = 14.0;
				LD_RUNPATH_SEARCH_PATHS = (
					"$(inherited)",
					"@executable_path/Frameworks",
					"@loader_path/Frameworks",
				);
				MARKETING_VERSION = 0.5.0;
				PRODUCT_BUNDLE_IDENTIFIER = it.chicio.TabBarUIAction;
				PRODUCT_NAME = TabBarUIAction;
				SKIP_INSTALL = YES;
				SWIFT_VERSION = 5.0;
				TARGETED_DEVICE_FAMILY = "1,2";
			};
			name = Debug;
		};
		45CA708326078D2D008C5CDF /* Release */ = {
			isa = XCBuildConfiguration;
			buildSettings = {
				CODE_SIGN_STYLE = Automatic;
				DEFINES_MODULE = YES;
				DEVELOPMENT_TEAM = Y682K92RZU;
				DYLIB_COMPATIBILITY_VERSION = 1;
				DYLIB_CURRENT_VERSION = 1;
				DYLIB_INSTALL_NAME_BASE = "@rpath";
				INFOPLIST_FILE = Sources/Info.plist;
				INSTALL_PATH = "$(LOCAL_LIBRARY_DIR)/Frameworks";
				IPHONEOS_DEPLOYMENT_TARGET = 14.0;
				"IPHONEOS_DEPLOYMENT_TARGET[sdk=macosx*]" = 14.0;
				LD_RUNPATH_SEARCH_PATHS = (
					"$(inherited)",
					"@executable_path/Frameworks",
					"@loader_path/Frameworks",
				);
				MARKETING_VERSION = 0.5.0;
				PRODUCT_BUNDLE_IDENTIFIER = it.chicio.TabBarUIAction;
				PRODUCT_NAME = TabBarUIAction;
				SKIP_INSTALL = YES;
				SWIFT_VERSION = 5.0;
				TARGETED_DEVICE_FAMILY = "1,2";
			};
			name = Release;
		};
		45CA70C826078E2D008C5CDF /* Debug */ = {
			isa = XCBuildConfiguration;
			buildSettings = {
				ASSETCATALOG_COMPILER_APPICON_NAME = AppIcon;
				ASSETCATALOG_COMPILER_GLOBAL_ACCENT_COLOR_NAME = AccentColor;
				CODE_SIGN_ENTITLEMENTS = TabBarUIActionDemo.entitlements;
				CODE_SIGN_STYLE = Automatic;
				DEVELOPMENT_TEAM = Y682K92RZU;
				ENABLE_PREVIEWS = YES;
				INFOPLIST_FILE = TabBarUIActionDemo/iOS/Info.plist;
				IPHONEOS_DEPLOYMENT_TARGET = 14.0;
				LD_RUNPATH_SEARCH_PATHS = (
					"$(inherited)",
					"@executable_path/Frameworks",
				);
				MARKETING_VERSION = 1.0.0;
				PRODUCT_BUNDLE_IDENTIFIER = it.chicio.TabBarUIActionDemo;
				PRODUCT_NAME = TabBarUIActionDemo;
				SDKROOT = iphoneos;
				SUPPORTS_MACCATALYST = YES;
				SWIFT_VERSION = 5.0;
				TARGETED_DEVICE_FAMILY = "1,2";
			};
			name = Debug;
		};
		45CA70C926078E2D008C5CDF /* Release */ = {
			isa = XCBuildConfiguration;
			buildSettings = {
				ASSETCATALOG_COMPILER_APPICON_NAME = AppIcon;
				ASSETCATALOG_COMPILER_GLOBAL_ACCENT_COLOR_NAME = AccentColor;
				CODE_SIGN_ENTITLEMENTS = TabBarUIActionDemo.entitlements;
				CODE_SIGN_STYLE = Automatic;
				DEVELOPMENT_TEAM = Y682K92RZU;
				ENABLE_PREVIEWS = YES;
				INFOPLIST_FILE = TabBarUIActionDemo/iOS/Info.plist;
				IPHONEOS_DEPLOYMENT_TARGET = 14.0;
				LD_RUNPATH_SEARCH_PATHS = (
					"$(inherited)",
					"@executable_path/Frameworks",
				);
				MARKETING_VERSION = 1.0.0;
				PRODUCT_BUNDLE_IDENTIFIER = it.chicio.TabBarUIActionDemo;
				PRODUCT_NAME = TabBarUIActionDemo;
				SDKROOT = iphoneos;
				SUPPORTS_MACCATALYST = YES;
				SWIFT_VERSION = 5.0;
				TARGETED_DEVICE_FAMILY = "1,2";
				VALIDATE_PRODUCT = YES;
			};
			name = Release;
		};
/* End XCBuildConfiguration section */

/* Begin XCConfigurationList section */
		456A0028260E40DE008B75B5 /* Build configuration list for PBXNativeTarget "TabBarUIAction UITests" */ = {
			isa = XCConfigurationList;
			buildConfigurations = (
				456A0029260E40DE008B75B5 /* Debug */,
				456A002A260E40DE008B75B5 /* Release */,
			);
			defaultConfigurationIsVisible = 0;
			defaultConfigurationName = Release;
		};
		45AB48612608849D0025BF01 /* Build configuration list for PBXNativeTarget "TabBarUIAction macOS" */ = {
			isa = XCConfigurationList;
			buildConfigurations = (
				45AB48622608849D0025BF01 /* Debug */,
				45AB48632608849D0025BF01 /* Release */,
			);
			defaultConfigurationIsVisible = 0;
			defaultConfigurationName = Release;
		};
		45CA707326078D2D008C5CDF /* Build configuration list for PBXProject "TabBarUIAction" */ = {
			isa = XCConfigurationList;
			buildConfigurations = (
				45CA707F26078D2D008C5CDF /* Debug */,
				45CA708026078D2D008C5CDF /* Release */,
			);
			defaultConfigurationIsVisible = 0;
			defaultConfigurationName = Release;
		};
		45CA708126078D2D008C5CDF /* Build configuration list for PBXNativeTarget "TabBarUIAction iOS" */ = {
			isa = XCConfigurationList;
			buildConfigurations = (
				45CA708226078D2D008C5CDF /* Debug */,
				45CA708326078D2D008C5CDF /* Release */,
			);
			defaultConfigurationIsVisible = 0;
			defaultConfigurationName = Release;
		};
		45CA70C726078E2D008C5CDF /* Build configuration list for PBXNativeTarget "TabBarUIAction Demo" */ = {
			isa = XCConfigurationList;
			buildConfigurations = (
				45CA70C826078E2D008C5CDF /* Debug */,
				45CA70C926078E2D008C5CDF /* Release */,
			);
			defaultConfigurationIsVisible = 0;
			defaultConfigurationName = Release;
		};
/* End XCConfigurationList section */
	};
	rootObject = 45CA707026078D2D008C5CDF /* Project object */;
}
